
Microsoft Visual Studio Solution File, Format Version 12.00
# Visual Studio 15
VisualStudioVersion = 15.0.27703.2035
MinimumVisualStudioVersion = 10.0.40219.1
Project("{FAE04EC0-301F-11D3-BF4B-00C04F79EFBC}") = "XamarinForms3RestApiApp.Android", "XamarinForms3RestApiApp\XamarinForms3RestApiApp.Android\XamarinForms3RestApiApp.Android.csproj", "{55C8ED84-2633-4FE8-B30D-BB8094C2D0D0}"
EndProject
Project("{FAE04EC0-301F-11D3-BF4B-00C04F79EFBC}") = "XamarinForms3RestApiApp.iOS", "XamarinForms3RestApiApp\XamarinForms3RestApiApp.iOS\XamarinForms3RestApiApp.iOS.csproj", "{A0E64F18-582D-49C3-8D40-7E6DF2EC6346}"
EndProject
Project("{FAE04EC0-301F-11D3-BF4B-00C04F79EFBC}") = "XamarinForms3RestApiApp.UWP", "XamarinForms3RestApiApp\XamarinForms3RestApiApp.UWP\XamarinForms3RestApiApp.UWP.csproj", "{64682AC2-44DB-434B-B5F7-46B4DDB2B31A}"
EndProject
Project("{FAE04EC0-301F-11D3-BF4B-00C04F79EFBC}") = "XamarinForms3RestApiApp", "XamarinForms3RestApiApp\XamarinForms3RestApiApp\XamarinForms3RestApiApp.csproj", "{025B884A-9548-4570-A83A-C5642A9EC006}"
EndProject
Global
	GlobalSection(SolutionConfigurationPlatforms) = preSolution
		Ad-Hoc|Any CPU = Ad-Hoc|Any CPU
		Ad-Hoc|ARM = Ad-Hoc|ARM
		Ad-Hoc|iPhone = Ad-Hoc|iPhone
		Ad-Hoc|iPhoneSimulator = Ad-Hoc|iPhoneSimulator
		Ad-Hoc|x64 = Ad-Hoc|x64
		Ad-Hoc|x86 = Ad-Hoc|x86
		AppStore|Any CPU = AppStore|Any CPU
		AppStore|ARM = AppStore|ARM
		AppStore|iPhone = AppStore|iPhone
		AppStore|iPhoneSimulator = AppStore|iPhoneSimulator
		AppStore|x64 = AppStore|x64
		AppStore|x86 = AppStore|x86
		Debug|Any CPU = Debug|Any CPU
		Debug|ARM = Debug|ARM
		Debug|iPhone = Debug|iPhone
		Debug|iPhoneSimulator = Debug|iPhoneSimulator
		Debug|x64 = Debug|x64
		Debug|x86 = Debug|x86
		Release|Any CPU = Release|Any CPU
		Release|ARM = Release|ARM
		Release|iPhone = Release|iPhone
		Release|iPhoneSimulator = Release|iPhoneSimulator
		Release|x64 = Release|x64
		Release|x86 = Release|x86
	EndGlobalSection
	GlobalSection(ProjectConfigurationPlatforms) = postSolution
		{55C8ED84-2633-4FE8-B30D-BB8094C2D0D0}.Ad-Hoc|Any CPU.ActiveCfg = Release|Any CPU
		{55C8ED84-2633-4FE8-B30D-BB8094C2D0D0}.Ad-Hoc|Any CPU.Build.0 = Release|Any CPU
		{55C8ED84-2633-4FE8-B30D-BB8094C2D0D0}.Ad-Hoc|Any CPU.Deploy.0 = Release|Any CPU
		{55C8ED84-2633-4FE8-B30D-BB8094C2D0D0}.Ad-Hoc|ARM.ActiveCfg = Release|Any CPU
		{55C8ED84-2633-4FE8-B30D-BB8094C2D0D0}.Ad-Hoc|ARM.Build.0 = Release|Any CPU
		{55C8ED84-2633-4FE8-B30D-BB8094C2D0D0}.Ad-Hoc|ARM.Deploy.0 = Release|Any CPU
		{55C8ED84-2633-4FE8-B30D-BB8094C2D0D0}.Ad-Hoc|iPhone.ActiveCfg = Release|Any CPU
		{55C8ED84-2633-4FE8-B30D-BB8094C2D0D0}.Ad-Hoc|iPhone.Build.0 = Release|Any CPU
		{55C8ED84-2633-4FE8-B30D-BB8094C2D0D0}.Ad-Hoc|iPhone.Deploy.0 = Release|Any CPU
		{55C8ED84-2633-4FE8-B30D-BB8094C2D0D0}.Ad-Hoc|iPhoneSimulator.ActiveCfg = Release|Any CPU
		{55C8ED84-2633-4FE8-B30D-BB8094C2D0D0}.Ad-Hoc|iPhoneSimulator.Build.0 = Release|Any CPU
		{55C8ED84-2633-4FE8-B30D-BB8094C2D0D0}.Ad-Hoc|iPhoneSimulator.Deploy.0 = Release|Any CPU
		{55C8ED84-2633-4FE8-B30D-BB8094C2D0D0}.Ad-Hoc|x64.ActiveCfg = Release|Any CPU
		{55C8ED84-2633-4FE8-B30D-BB8094C2D0D0}.Ad-Hoc|x64.Build.0 = Release|Any CPU
		{55C8ED84-2633-4FE8-B30D-BB8094C2D0D0}.Ad-Hoc|x64.Deploy.0 = Release|Any CPU
		{55C8ED84-2633-4FE8-B30D-BB8094C2D0D0}.Ad-Hoc|x86.ActiveCfg = Release|Any CPU
		{55C8ED84-2633-4FE8-B30D-BB8094C2D0D0}.Ad-Hoc|x86.Build.0 = Release|Any CPU
		{55C8ED84-2633-4FE8-B30D-BB8094C2D0D0}.Ad-Hoc|x86.Deploy.0 = Release|Any CPU
		{55C8ED84-2633-4FE8-B30D-BB8094C2D0D0}.AppStore|Any CPU.ActiveCfg = Release|Any CPU
		{55C8ED84-2633-4FE8-B30D-BB8094C2D0D0}.AppStore|Any CPU.Build.0 = Release|Any CPU
		{55C8ED84-2633-4FE8-B30D-BB8094C2D0D0}.AppStore|Any CPU.Deploy.0 = Release|Any CPU
		{55C8ED84-2633-4FE8-B30D-BB8094C2D0D0}.AppStore|ARM.ActiveCfg = Release|Any CPU
		{55C8ED84-2633-4FE8-B30D-BB8094C2D0D0}.AppStore|ARM.Build.0 = Release|Any CPU
		{55C8ED84-2633-4FE8-B30D-BB8094C2D0D0}.AppStore|ARM.Deploy.0 = Release|Any CPU
		{55C8ED84-2633-4FE8-B30D-BB8094C2D0D0}.AppStore|iPhone.ActiveCfg = Release|Any CPU
		{55C8ED84-2633-4FE8-B30D-BB8094C2D0D0}.AppStore|iPhone.Build.0 = Release|Any CPU
		{55C8ED84-2633-4FE8-B30D-BB8094C2D0D0}.AppStore|iPhone.Deploy.0 = Release|Any CPU
		{55C8ED84-2633-4FE8-B30D-BB8094C2D0D0}.AppStore|iPhoneSimulator.ActiveCfg = Release|Any CPU
		{55C8ED84-2633-4FE8-B30D-BB8094C2D0D0}.AppStore|iPhoneSimulator.Build.0 = Release|Any CPU
		{55C8ED84-2633-4FE8-B30D-BB8094C2D0D0}.AppStore|iPhoneSimulator.Deploy.0 = Release|Any CPU
		{55C8ED84-2633-4FE8-B30D-BB8094C2D0D0}.AppStore|x64.ActiveCfg = Release|Any CPU
		{55C8ED84-2633-4FE8-B30D-BB8094C2D0D0}.AppStore|x64.Build.0 = Release|Any CPU
		{55C8ED84-2633-4FE8-B30D-BB8094C2D0D0}.AppStore|x64.Deploy.0 = Release|Any CPU
		{55C8ED84-2633-4FE8-B30D-BB8094C2D0D0}.AppStore|x86.ActiveCfg = Release|Any CPU
		{55C8ED84-2633-4FE8-B30D-BB8094C2D0D0}.AppStore|x86.Build.0 = Release|Any CPU
		{55C8ED84-2633-4FE8-B30D-BB8094C2D0D0}.AppStore|x86.Deploy.0 = Release|Any CPU
		{55C8ED84-2633-4FE8-B30D-BB8094C2D0D0}.Debug|Any CPU.ActiveCfg = Debug|Any CPU
		{55C8ED84-2633-4FE8-B30D-BB8094C2D0D0}.Debug|Any CPU.Build.0 = Debug|Any CPU
		{55C8ED84-2633-4FE8-B30D-BB8094C2D0D0}.Debug|Any CPU.Deploy.0 = Debug|Any CPU
		{55C8ED84-2633-4FE8-B30D-BB8094C2D0D0}.Debug|ARM.ActiveCfg = Debug|Any CPU
		{55C8ED84-2633-4FE8-B30D-BB8094C2D0D0}.Debug|ARM.Build.0 = Debug|Any CPU
		{55C8ED84-2633-4FE8-B30D-BB8094C2D0D0}.Debug|ARM.Deploy.0 = Debug|Any CPU
		{55C8ED84-2633-4FE8-B30D-BB8094C2D0D0}.Debug|iPhone.ActiveCfg = Debug|Any CPU
		{55C8ED84-2633-4FE8-B30D-BB8094C2D0D0}.Debug|iPhone.Build.0 = Debug|Any CPU
		{55C8ED84-2633-4FE8-B30D-BB8094C2D0D0}.Debug|iPhone.Deploy.0 = Debug|Any CPU
		{55C8ED84-2633-4FE8-B30D-BB8094C2D0D0}.Debug|iPhoneSimulator.ActiveCfg = Debug|Any CPU
		{55C8ED84-2633-4FE8-B30D-BB8094C2D0D0}.Debug|iPhoneSimulator.Build.0 = Debug|Any CPU
		{55C8ED84-2633-4FE8-B30D-BB8094C2D0D0}.Debug|iPhoneSimulator.Deploy.0 = Debug|Any CPU
		{55C8ED84-2633-4FE8-B30D-BB8094C2D0D0}.Debug|x64.ActiveCfg = Debug|Any CPU
		{55C8ED84-2633-4FE8-B30D-BB8094C2D0D0}.Debug|x64.Build.0 = Debug|Any CPU
		{55C8ED84-2633-4FE8-B30D-BB8094C2D0D0}.Debug|x64.Deploy.0 = Debug|Any CPU
		{55C8ED84-2633-4FE8-B30D-BB8094C2D0D0}.Debug|x86.ActiveCfg = Debug|Any CPU
		{55C8ED84-2633-4FE8-B30D-BB8094C2D0D0}.Debug|x86.Build.0 = Debug|Any CPU
		{55C8ED84-2633-4FE8-B30D-BB8094C2D0D0}.Debug|x86.Deploy.0 = Debug|Any CPU
		{55C8ED84-2633-4FE8-B30D-BB8094C2D0D0}.Release|Any CPU.ActiveCfg = Release|Any CPU
		{55C8ED84-2633-4FE8-B30D-BB8094C2D0D0}.Release|Any CPU.Build.0 = Release|Any CPU
		{55C8ED84-2633-4FE8-B30D-BB8094C2D0D0}.Release|Any CPU.Deploy.0 = Release|Any CPU
		{55C8ED84-2633-4FE8-B30D-BB8094C2D0D0}.Release|ARM.ActiveCfg = Release|Any CPU
		{55C8ED84-2633-4FE8-B30D-BB8094C2D0D0}.Release|ARM.Build.0 = Release|Any CPU
		{55C8ED84-2633-4FE8-B30D-BB8094C2D0D0}.Release|ARM.Deploy.0 = Release|Any CPU
		{55C8ED84-2633-4FE8-B30D-BB8094C2D0D0}.Release|iPhone.ActiveCfg = Release|Any CPU
		{55C8ED84-2633-4FE8-B30D-BB8094C2D0D0}.Release|iPhone.Build.0 = Release|Any CPU
		{55C8ED84-2633-4FE8-B30D-BB8094C2D0D0}.Release|iPhone.Deploy.0 = Release|Any CPU
		{55C8ED84-2633-4FE8-B30D-BB8094C2D0D0}.Release|iPhoneSimulator.ActiveCfg = Release|Any CPU
		{55C8ED84-2633-4FE8-B30D-BB8094C2D0D0}.Release|iPhoneSimulator.Build.0 = Release|Any CPU
		{55C8ED84-2633-4FE8-B30D-BB8094C2D0D0}.Release|iPhoneSimulator.Deploy.0 = Release|Any CPU
		{55C8ED84-2633-4FE8-B30D-BB8094C2D0D0}.Release|x64.ActiveCfg = Release|Any CPU
		{55C8ED84-2633-4FE8-B30D-BB8094C2D0D0}.Release|x64.Build.0 = Release|Any CPU
		{55C8ED84-2633-4FE8-B30D-BB8094C2D0D0}.Release|x64.Deploy.0 = Release|Any CPU
		{55C8ED84-2633-4FE8-B30D-BB8094C2D0D0}.Release|x86.ActiveCfg = Release|Any CPU
		{55C8ED84-2633-4FE8-B30D-BB8094C2D0D0}.Release|x86.Build.0 = Release|Any CPU
		{55C8ED84-2633-4FE8-B30D-BB8094C2D0D0}.Release|x86.Deploy.0 = Release|Any CPU
		{A0E64F18-582D-49C3-8D40-7E6DF2EC6346}.Ad-Hoc|Any CPU.ActiveCfg = Ad-Hoc|iPhone
		{A0E64F18-582D-49C3-8D40-7E6DF2EC6346}.Ad-Hoc|Any CPU.Build.0 = Ad-Hoc|iPhone
		{A0E64F18-582D-49C3-8D40-7E6DF2EC6346}.Ad-Hoc|Any CPU.Deploy.0 = Ad-Hoc|iPhone
		{A0E64F18-582D-49C3-8D40-7E6DF2EC6346}.Ad-Hoc|ARM.ActiveCfg = Ad-Hoc|iPhone
		{A0E64F18-582D-49C3-8D40-7E6DF2EC6346}.Ad-Hoc|ARM.Build.0 = Ad-Hoc|iPhone
		{A0E64F18-582D-49C3-8D40-7E6DF2EC6346}.Ad-Hoc|ARM.Deploy.0 = Ad-Hoc|iPhone
		{A0E64F18-582D-49C3-8D40-7E6DF2EC6346}.Ad-Hoc|iPhone.ActiveCfg = Ad-Hoc|iPhone
		{A0E64F18-582D-49C3-8D40-7E6DF2EC6346}.Ad-Hoc|iPhone.Build.0 = Ad-Hoc|iPhone
		{A0E64F18-582D-49C3-8D40-7E6DF2EC6346}.Ad-Hoc|iPhone.Deploy.0 = Ad-Hoc|iPhone
		{A0E64F18-582D-49C3-8D40-7E6DF2EC6346}.Ad-Hoc|iPhoneSimulator.ActiveCfg = Ad-Hoc|iPhoneSimulator
		{A0E64F18-582D-49C3-8D40-7E6DF2EC6346}.Ad-Hoc|iPhoneSimulator.Build.0 = Ad-Hoc|iPhoneSimulator
		{A0E64F18-582D-49C3-8D40-7E6DF2EC6346}.Ad-Hoc|iPhoneSimulator.Deploy.0 = Ad-Hoc|iPhoneSimulator
		{A0E64F18-582D-49C3-8D40-7E6DF2EC6346}.Ad-Hoc|x64.ActiveCfg = Ad-Hoc|iPhone
		{A0E64F18-582D-49C3-8D40-7E6DF2EC6346}.Ad-Hoc|x64.Build.0 = Ad-Hoc|iPhone
		{A0E64F18-582D-49C3-8D40-7E6DF2EC6346}.Ad-Hoc|x64.Deploy.0 = Ad-Hoc|iPhone
		{A0E64F18-582D-49C3-8D40-7E6DF2EC6346}.Ad-Hoc|x86.ActiveCfg = Ad-Hoc|iPhone
		{A0E64F18-582D-49C3-8D40-7E6DF2EC6346}.Ad-Hoc|x86.Build.0 = Ad-Hoc|iPhone
		{A0E64F18-582D-49C3-8D40-7E6DF2EC6346}.Ad-Hoc|x86.Deploy.0 = Ad-Hoc|iPhone
		{A0E64F18-582D-49C3-8D40-7E6DF2EC6346}.AppStore|Any CPU.ActiveCfg = AppStore|iPhone
		{A0E64F18-582D-49C3-8D40-7E6DF2EC6346}.AppStore|Any CPU.Build.0 = AppStore|iPhone
		{A0E64F18-582D-49C3-8D40-7E6DF2EC6346}.AppStore|Any CPU.Deploy.0 = AppStore|iPhone
		{A0E64F18-582D-49C3-8D40-7E6DF2EC6346}.AppStore|ARM.ActiveCfg = AppStore|iPhone
		{A0E64F18-582D-49C3-8D40-7E6DF2EC6346}.AppStore|ARM.Build.0 = AppStore|iPhone
		{A0E64F18-582D-49C3-8D40-7E6DF2EC6346}.AppStore|ARM.Deploy.0 = AppStore|iPhone
		{A0E64F18-582D-49C3-8D40-7E6DF2EC6346}.AppStore|iPhone.ActiveCfg = AppStore|iPhone
		{A0E64F18-582D-49C3-8D40-7E6DF2EC6346}.AppStore|iPhone.Build.0 = AppStore|iPhone
		{A0E64F18-582D-49C3-8D40-7E6DF2EC6346}.AppStore|iPhone.Deploy.0 = AppStore|iPhone
		{A0E64F18-582D-49C3-8D40-7E6DF2EC6346}.AppStore|iPhoneSimulator.ActiveCfg = AppStore|iPhoneSimulator
		{A0E64F18-582D-49C3-8D40-7E6DF2EC6346}.AppStore|iPhoneSimulator.Build.0 = AppStore|iPhoneSimulator
		{A0E64F18-582D-49C3-8D40-7E6DF2EC6346}.AppStore|iPhoneSimulator.Deploy.0 = AppStore|iPhoneSimulator
		{A0E64F18-582D-49C3-8D40-7E6DF2EC6346}.AppStore|x64.ActiveCfg = AppStore|iPhone
		{A0E64F18-582D-49C3-8D40-7E6DF2EC6346}.AppStore|x64.Build.0 = AppStore|iPhone
		{A0E64F18-582D-49C3-8D40-7E6DF2EC6346}.AppStore|x64.Deploy.0 = AppStore|iPhone
		{A0E64F18-582D-49C3-8D40-7E6DF2EC6346}.AppStore|x86.ActiveCfg = AppStore|iPhone
		{A0E64F18-582D-49C3-8D40-7E6DF2EC6346}.AppStore|x86.Build.0 = AppStore|iPhone
		{A0E64F18-582D-49C3-8D40-7E6DF2EC6346}.AppStore|x86.Deploy.0 = AppStore|iPhone
		{A0E64F18-582D-49C3-8D40-7E6DF2EC6346}.Debug|Any CPU.ActiveCfg = Debug|iPhoneSimulator
		{A0E64F18-582D-49C3-8D40-7E6DF2EC6346}.Debug|Any CPU.Build.0 = Debug|iPhoneSimulator
		{A0E64F18-582D-49C3-8D40-7E6DF2EC6346}.Debug|Any CPU.Deploy.0 = Debug|iPhoneSimulator
		{A0E64F18-582D-49C3-8D40-7E6DF2EC6346}.Debug|ARM.ActiveCfg = Debug|iPhone
		{A0E64F18-582D-49C3-8D40-7E6DF2EC6346}.Debug|ARM.Build.0 = Debug|iPhone
		{A0E64F18-582D-49C3-8D40-7E6DF2EC6346}.Debug|ARM.Deploy.0 = Debug|iPhone
		{A0E64F18-582D-49C3-8D40-7E6DF2EC6346}.Debug|iPhone.ActiveCfg = Debug|iPhone
		{A0E64F18-582D-49C3-8D40-7E6DF2EC6346}.Debug|iPhone.Build.0 = Debug|iPhone
		{A0E64F18-582D-49C3-8D40-7E6DF2EC6346}.Debug|iPhone.Deploy.0 = Debug|iPhone
		{A0E64F18-582D-49C3-8D40-7E6DF2EC6346}.Debug|iPhoneSimulator.ActiveCfg = Debug|iPhoneSimulator
		{A0E64F18-582D-49C3-8D40-7E6DF2EC6346}.Debug|iPhoneSimulator.Build.0 = Debug|iPhoneSimulator
		{A0E64F18-582D-49C3-8D40-7E6DF2EC6346}.Debug|iPhoneSimulator.Deploy.0 = Debug|iPhoneSimulator
		{A0E64F18-582D-49C3-8D40-7E6DF2EC6346}.Debug|x64.ActiveCfg = Debug|iPhone
		{A0E64F18-582D-49C3-8D40-7E6DF2EC6346}.Debug|x64.Build.0 = Debug|iPhone
		{A0E64F18-582D-49C3-8D40-7E6DF2EC6346}.Debug|x64.Deploy.0 = Debug|iPhone
		{A0E64F18-582D-49C3-8D40-7E6DF2EC6346}.Debug|x86.ActiveCfg = Debug|iPhone
		{A0E64F18-582D-49C3-8D40-7E6DF2EC6346}.Debug|x86.Build.0 = Debug|iPhone
		{A0E64F18-582D-49C3-8D40-7E6DF2EC6346}.Debug|x86.Deploy.0 = Debug|iPhone
		{A0E64F18-582D-49C3-8D40-7E6DF2EC6346}.Release|Any CPU.ActiveCfg = Release|iPhone
		{A0E64F18-582D-49C3-8D40-7E6DF2EC6346}.Release|Any CPU.Build.0 = Release|iPhone
		{A0E64F18-582D-49C3-8D40-7E6DF2EC6346}.Release|Any CPU.Deploy.0 = Release|iPhone
		{A0E64F18-582D-49C3-8D40-7E6DF2EC6346}.Release|ARM.ActiveCfg = Release|iPhone
		{A0E64F18-582D-49C3-8D40-7E6DF2EC6346}.Release|ARM.Build.0 = Release|iPhone
		{A0E64F18-582D-49C3-8D40-7E6DF2EC6346}.Release|ARM.Deploy.0 = Release|iPhone
		{A0E64F18-582D-49C3-8D40-7E6DF2EC6346}.Release|iPhone.ActiveCfg = Release|iPhone
		{A0E64F18-582D-49C3-8D40-7E6DF2EC6346}.Release|iPhone.Build.0 = Release|iPhone
		{A0E64F18-582D-49C3-8D40-7E6DF2EC6346}.Release|iPhone.Deploy.0 = Release|iPhone
		{A0E64F18-582D-49C3-8D40-7E6DF2EC6346}.Release|iPhoneSimulator.ActiveCfg = Release|iPhoneSimulator
		{A0E64F18-582D-49C3-8D40-7E6DF2EC6346}.Release|iPhoneSimulator.Build.0 = Release|iPhoneSimulator
		{A0E64F18-582D-49C3-8D40-7E6DF2EC6346}.Release|iPhoneSimulator.Deploy.0 = Release|iPhoneSimulator
		{A0E64F18-582D-49C3-8D40-7E6DF2EC6346}.Release|x64.ActiveCfg = Release|iPhone
		{A0E64F18-582D-49C3-8D40-7E6DF2EC6346}.Release|x64.Build.0 = Release|iPhone
		{A0E64F18-582D-49C3-8D40-7E6DF2EC6346}.Release|x64.Deploy.0 = Release|iPhone
		{A0E64F18-582D-49C3-8D40-7E6DF2EC6346}.Release|x86.ActiveCfg = Release|iPhone
		{A0E64F18-582D-49C3-8D40-7E6DF2EC6346}.Release|x86.Build.0 = Release|iPhone
		{A0E64F18-582D-49C3-8D40-7E6DF2EC6346}.Release|x86.Deploy.0 = Release|iPhone
		{64682AC2-44DB-434B-B5F7-46B4DDB2B31A}.Ad-Hoc|Any CPU.ActiveCfg = Release|x86
		{64682AC2-44DB-434B-B5F7-46B4DDB2B31A}.Ad-Hoc|Any CPU.Build.0 = Release|x86
		{64682AC2-44DB-434B-B5F7-46B4DDB2B31A}.Ad-Hoc|Any CPU.Deploy.0 = Release|x86
		{64682AC2-44DB-434B-B5F7-46B4DDB2B31A}.Ad-Hoc|ARM.ActiveCfg = Release|ARM
		{64682AC2-44DB-434B-B5F7-46B4DDB2B31A}.Ad-Hoc|ARM.Build.0 = Release|ARM
		{64682AC2-44DB-434B-B5F7-46B4DDB2B31A}.Ad-Hoc|ARM.Deploy.0 = Release|ARM
		{64682AC2-44DB-434B-B5F7-46B4DDB2B31A}.Ad-Hoc|iPhone.ActiveCfg = Release|x86
		{64682AC2-44DB-434B-B5F7-46B4DDB2B31A}.Ad-Hoc|iPhone.Build.0 = Release|x86
		{64682AC2-44DB-434B-B5F7-46B4DDB2B31A}.Ad-Hoc|iPhone.Deploy.0 = Release|x86
		{64682AC2-44DB-434B-B5F7-46B4DDB2B31A}.Ad-Hoc|iPhoneSimulator.ActiveCfg = Release|x86
		{64682AC2-44DB-434B-B5F7-46B4DDB2B31A}.Ad-Hoc|iPhoneSimulator.Build.0 = Release|x86
		{64682AC2-44DB-434B-B5F7-46B4DDB2B31A}.Ad-Hoc|iPhoneSimulator.Deploy.0 = Release|x86
		{64682AC2-44DB-434B-B5F7-46B4DDB2B31A}.Ad-Hoc|x64.ActiveCfg = Release|x64
		{64682AC2-44DB-434B-B5F7-46B4DDB2B31A}.Ad-Hoc|x64.Build.0 = Release|x64
		{64682AC2-44DB-434B-B5F7-46B4DDB2B31A}.Ad-Hoc|x64.Deploy.0 = Release|x64
		{64682AC2-44DB-434B-B5F7-46B4DDB2B31A}.Ad-Hoc|x86.ActiveCfg = Release|x86
		{64682AC2-44DB-434B-B5F7-46B4DDB2B31A}.Ad-Hoc|x86.Build.0 = Release|x86
		{64682AC2-44DB-434B-B5F7-46B4DDB2B31A}.Ad-Hoc|x86.Deploy.0 = Release|x86
		{64682AC2-44DB-434B-B5F7-46B4DDB2B31A}.AppStore|Any CPU.ActiveCfg = Release|x86
		{64682AC2-44DB-434B-B5F7-46B4DDB2B31A}.AppStore|Any CPU.Build.0 = Release|x86
		{64682AC2-44DB-434B-B5F7-46B4DDB2B31A}.AppStore|Any CPU.Deploy.0 = Release|x86
		{64682AC2-44DB-434B-B5F7-46B4DDB2B31A}.AppStore|ARM.ActiveCfg = Release|ARM
		{64682AC2-44DB-434B-B5F7-46B4DDB2B31A}.AppStore|ARM.Build.0 = Release|ARM
		{64682AC2-44DB-434B-B5F7-46B4DDB2B31A}.AppStore|ARM.Deploy.0 = Release|ARM
		{64682AC2-44DB-434B-B5F7-46B4DDB2B31A}.AppStore|iPhone.ActiveCfg = Release|x86
		{64682AC2-44DB-434B-B5F7-46B4DDB2B31A}.AppStore|iPhone.Build.0 = Release|x86
		{64682AC2-44DB-434B-B5F7-46B4DDB2B31A}.AppStore|iPhone.Deploy.0 = Release|x86
		{64682AC2-44DB-434B-B5F7-46B4DDB2B31A}.AppStore|iPhoneSimulator.ActiveCfg = Release|x86
		{64682AC2-44DB-434B-B5F7-46B4DDB2B31A}.AppStore|iPhoneSimulator.Build.0 = Release|x86
		{64682AC2-44DB-434B-B5F7-46B4DDB2B31A}.AppStore|iPhoneSimulator.Deploy.0 = Release|x86
		{64682AC2-44DB-434B-B5F7-46B4DDB2B31A}.AppStore|x64.ActiveCfg = Release|x64
		{64682AC2-44DB-434B-B5F7-46B4DDB2B31A}.AppStore|x64.Build.0 = Release|x64
		{64682AC2-44DB-434B-B5F7-46B4DDB2B31A}.AppStore|x64.Deploy.0 = Release|x64
		{64682AC2-44DB-434B-B5F7-46B4DDB2B31A}.AppStore|x86.ActiveCfg = Release|x86
		{64682AC2-44DB-434B-B5F7-46B4DDB2B31A}.AppStore|x86.Build.0 = Release|x86
		{64682AC2-44DB-434B-B5F7-46B4DDB2B31A}.AppStore|x86.Deploy.0 = Release|x86
		{64682AC2-44DB-434B-B5F7-46B4DDB2B31A}.Debug|Any CPU.ActiveCfg = Debug|x86
		{64682AC2-44DB-434B-B5F7-46B4DDB2B31A}.Debug|Any CPU.Build.0 = Debug|x86
		{64682AC2-44DB-434B-B5F7-46B4DDB2B31A}.Debug|Any CPU.Deploy.0 = Debug|x86
		{64682AC2-44DB-434B-B5F7-46B4DDB2B31A}.Debug|ARM.ActiveCfg = Debug|ARM
		{64682AC2-44DB-434B-B5F7-46B4DDB2B31A}.Debug|ARM.Build.0 = Debug|ARM
		{64682AC2-44DB-434B-B5F7-46B4DDB2B31A}.Debug|ARM.Deploy.0 = Debug|ARM
		{64682AC2-44DB-434B-B5F7-46B4DDB2B31A}.Debug|iPhone.ActiveCfg = Debug|x86
		{64682AC2-44DB-434B-B5F7-46B4DDB2B31A}.Debug|iPhone.Build.0 = Debug|x86
		{64682AC2-44DB-434B-B5F7-46B4DDB2B31A}.Debug|iPhone.Deploy.0 = Debug|x86
		{64682AC2-44DB-434B-B5F7-46B4DDB2B31A}.Debug|iPhoneSimulator.ActiveCfg = Debug|x86
		{64682AC2-44DB-434B-B5F7-46B4DDB2B31A}.Debug|iPhoneSimulator.Build.0 = Debug|x86
		{64682AC2-44DB-434B-B5F7-46B4DDB2B31A}.Debug|iPhoneSimulator.Deploy.0 = Debug|x86
		{64682AC2-44DB-434B-B5F7-46B4DDB2B31A}.Debug|x64.ActiveCfg = Debug|x64
		{64682AC2-44DB-434B-B5F7-46B4DDB2B31A}.Debug|x64.Build.0 = Debug|x64
		{64682AC2-44DB-434B-B5F7-46B4DDB2B31A}.Debug|x64.Deploy.0 = Debug|x64
		{64682AC2-44DB-434B-B5F7-46B4DDB2B31A}.Debug|x86.ActiveCfg = Debug|x86
		{64682AC2-44DB-434B-B5F7-46B4DDB2B31A}.Debug|x86.Build.0 = Debug|x86
		{64682AC2-44DB-434B-B5F7-46B4DDB2B31A}.Debug|x86.Deploy.0 = Debug|x86
		{64682AC2-44DB-434B-B5F7-46B4DDB2B31A}.Release|Any CPU.ActiveCfg = Release|x86
		{64682AC2-44DB-434B-B5F7-46B4DDB2B31A}.Release|Any CPU.Build.0 = Release|x86
		{64682AC2-44DB-434B-B5F7-46B4DDB2B31A}.Release|Any CPU.Deploy.0 = Release|x86
		{64682AC2-44DB-434B-B5F7-46B4DDB2B31A}.Release|ARM.ActiveCfg = Release|ARM
		{64682AC2-44DB-434B-B5F7-46B4DDB2B31A}.Release|ARM.Build.0 = Release|ARM
		{64682AC2-44DB-434B-B5F7-46B4DDB2B31A}.Release|ARM.Deploy.0 = Release|ARM
		{64682AC2-44DB-434B-B5F7-46B4DDB2B31A}.Release|iPhone.ActiveCfg = Release|x86
		{64682AC2-44DB-434B-B5F7-46B4DDB2B31A}.Release|iPhone.Build.0 = Release|x86
		{64682AC2-44DB-434B-B5F7-46B4DDB2B31A}.Release|iPhone.Deploy.0 = Release|x86
		{64682AC2-44DB-434B-B5F7-46B4DDB2B31A}.Release|iPhoneSimulator.ActiveCfg = Release|x86
		{64682AC2-44DB-434B-B5F7-46B4DDB2B31A}.Release|iPhoneSimulator.Build.0 = Release|x86
		{64682AC2-44DB-434B-B5F7-46B4DDB2B31A}.Release|iPhoneSimulator.Deploy.0 = Release|x86
		{64682AC2-44DB-434B-B5F7-46B4DDB2B31A}.Release|x64.ActiveCfg = Release|x64
		{64682AC2-44DB-434B-B5F7-46B4DDB2B31A}.Release|x64.Build.0 = Release|x64
		{64682AC2-44DB-434B-B5F7-46B4DDB2B31A}.Release|x64.Deploy.0 = Release|x64
		{64682AC2-44DB-434B-B5F7-46B4DDB2B31A}.Release|x86.ActiveCfg = Release|x86
		{64682AC2-44DB-434B-B5F7-46B4DDB2B31A}.Release|x86.Build.0 = Release|x86
		{64682AC2-44DB-434B-B5F7-46B4DDB2B31A}.Release|x86.Deploy.0 = Release|x86
		{025B884A-9548-4570-A83A-C5642A9EC006}.Ad-Hoc|Any CPU.ActiveCfg = Debug|Any CPU
		{025B884A-9548-4570-A83A-C5642A9EC006}.Ad-Hoc|Any CPU.Build.0 = Debug|Any CPU
		{025B884A-9548-4570-A83A-C5642A9EC006}.Ad-Hoc|Any CPU.Deploy.0 = Debug|Any CPU
		{025B884A-9548-4570-A83A-C5642A9EC006}.Ad-Hoc|ARM.ActiveCfg = Debug|Any CPU
		{025B884A-9548-4570-A83A-C5642A9EC006}.Ad-Hoc|ARM.Build.0 = Debug|Any CPU
		{025B884A-9548-4570-A83A-C5642A9EC006}.Ad-Hoc|ARM.Deploy.0 = Debug|Any CPU
		{025B884A-9548-4570-A83A-C5642A9EC006}.Ad-Hoc|iPhone.ActiveCfg = Debug|Any CPU
		{025B884A-9548-4570-A83A-C5642A9EC006}.Ad-Hoc|iPhone.Build.0 = Debug|Any CPU
		{025B884A-9548-4570-A83A-C5642A9EC006}.Ad-Hoc|iPhone.Deploy.0 = Debug|Any CPU
		{025B884A-9548-4570-A83A-C5642A9EC006}.Ad-Hoc|iPhoneSimulator.ActiveCfg = Debug|Any CPU
		{025B884A-9548-4570-A83A-C5642A9EC006}.Ad-Hoc|iPhoneSimulator.Build.0 = Debug|Any CPU
		{025B884A-9548-4570-A83A-C5642A9EC006}.Ad-Hoc|iPhoneSimulator.Deploy.0 = Debug|Any CPU
		{025B884A-9548-4570-A83A-C5642A9EC006}.Ad-Hoc|x64.ActiveCfg = Debug|Any CPU
		{025B884A-9548-4570-A83A-C5642A9EC006}.Ad-Hoc|x64.Build.0 = Debug|Any CPU
		{025B884A-9548-4570-A83A-C5642A9EC006}.Ad-Hoc|x64.Deploy.0 = Debug|Any CPU
		{025B884A-9548-4570-A83A-C5642A9EC006}.Ad-Hoc|x86.ActiveCfg = Debug|Any CPU
		{025B884A-9548-4570-A83A-C5642A9EC006}.Ad-Hoc|x86.Build.0 = Debug|Any CPU
		{025B884A-9548-4570-A83A-C5642A9EC006}.Ad-Hoc|x86.Deploy.0 = Debug|Any CPU
		{025B884A-9548-4570-A83A-C5642A9EC006}.AppStore|Any CPU.ActiveCfg = Debug|Any CPU
		{025B884A-9548-4570-A83A-C5642A9EC006}.AppStore|Any CPU.Build.0 = Debug|Any CPU
		{025B884A-9548-4570-A83A-C5642A9EC006}.AppStore|Any CPU.Deploy.0 = Debug|Any CPU
		{025B884A-9548-4570-A83A-C5642A9EC006}.AppStore|ARM.ActiveCfg = Debug|Any CPU
		{025B884A-9548-4570-A83A-C5642A9EC006}.AppStore|ARM.Build.0 = Debug|Any CPU
		{025B884A-9548-4570-A83A-C5642A9EC006}.AppStore|ARM.Deploy.0 = Debug|Any CPU
		{025B884A-9548-4570-A83A-C5642A9EC006}.AppStore|iPhone.ActiveCfg = Debug|Any CPU
		{025B884A-9548-4570-A83A-C5642A9EC006}.AppStore|iPhone.Build.0 = Debug|Any CPU
		{025B884A-9548-4570-A83A-C5642A9EC006}.AppStore|iPhone.Deploy.0 = Debug|Any CPU
		{025B884A-9548-4570-A83A-C5642A9EC006}.AppStore|iPhoneSimulator.ActiveCfg = Debug|Any CPU
		{025B884A-9548-4570-A83A-C5642A9EC006}.AppStore|iPhoneSimulator.Build.0 = Debug|Any CPU
		{025B884A-9548-4570-A83A-C5642A9EC006}.AppStore|iPhoneSimulator.Deploy.0 = Debug|Any CPU
		{025B884A-9548-4570-A83A-C5642A9EC006}.AppStore|x64.ActiveCfg = Debug|Any CPU
		{025B884A-9548-4570-A83A-C5642A9EC006}.AppStore|x64.Build.0 = Debug|Any CPU
		{025B884A-9548-4570-A83A-C5642A9EC006}.AppStore|x64.Deploy.0 = Debug|Any CPU
		{025B884A-9548-4570-A83A-C5642A9EC006}.AppStore|x86.ActiveCfg = Debug|Any CPU
		{025B884A-9548-4570-A83A-C5642A9EC006}.AppStore|x86.Build.0 = Debug|Any CPU
		{025B884A-9548-4570-A83A-C5642A9EC006}.AppStore|x86.Deploy.0 = Debug|Any CPU
		{025B884A-9548-4570-A83A-C5642A9EC006}.Debug|Any CPU.ActiveCfg = Debug|Any CPU
		{025B884A-9548-4570-A83A-C5642A9EC006}.Debug|Any CPU.Build.0 = Debug|Any CPU
		{025B884A-9548-4570-A83A-C5642A9EC006}.Debug|Any CPU.Deploy.0 = Debug|Any CPU
		{025B884A-9548-4570-A83A-C5642A9EC006}.Debug|ARM.ActiveCfg = Debug|Any CPU
		{025B884A-9548-4570-A83A-C5642A9EC006}.Debug|ARM.Build.0 = Debug|Any CPU
		{025B884A-9548-4570-A83A-C5642A9EC006}.Debug|ARM.Deploy.0 = Debug|Any CPU
		{025B884A-9548-4570-A83A-C5642A9EC006}.Debug|iPhone.ActiveCfg = Debug|Any CPU
		{025B884A-9548-4570-A83A-C5642A9EC006}.Debug|iPhone.Build.0 = Debug|Any CPU
		{025B884A-9548-4570-A83A-C5642A9EC006}.Debug|iPhone.Deploy.0 = Debug|Any CPU
		{025B884A-9548-4570-A83A-C5642A9EC006}.Debug|iPhoneSimulator.ActiveCfg = Debug|Any CPU
		{025B884A-9548-4570-A83A-C5642A9EC006}.Debug|iPhoneSimulator.Build.0 = Debug|Any CPU
		{025B884A-9548-4570-A83A-C5642A9EC006}.Debug|iPhoneSimulator.Deploy.0 = Debug|Any CPU
		{025B884A-9548-4570-A83A-C5642A9EC006}.Debug|x64.ActiveCfg = Debug|Any CPU
		{025B884A-9548-4570-A83A-C5642A9EC006}.Debug|x64.Build.0 = Debug|Any CPU
		{025B884A-9548-4570-A83A-C5642A9EC006}.Debug|x64.Deploy.0 = Debug|Any CPU
		{025B884A-9548-4570-A83A-C5642A9EC006}.Debug|x86.ActiveCfg = Debug|Any CPU
		{025B884A-9548-4570-A83A-C5642A9EC006}.Debug|x86.Build.0 = Debug|Any CPU
		{025B884A-9548-4570-A83A-C5642A9EC006}.Debug|x86.Deploy.0 = Debug|Any CPU
		{025B884A-9548-4570-A83A-C5642A9EC006}.Release|Any CPU.ActiveCfg = Release|Any CPU
		{025B884A-9548-4570-A83A-C5642A9EC006}.Release|Any CPU.Build.0 = Release|Any CPU
		{025B884A-9548-4570-A83A-C5642A9EC006}.Release|Any CPU.Deploy.0 = Release|Any CPU
		{025B884A-9548-4570-A83A-C5642A9EC006}.Release|ARM.ActiveCfg = Release|Any CPU
		{025B884A-9548-4570-A83A-C5642A9EC006}.Release|ARM.Build.0 = Release|Any CPU
		{025B884A-9548-4570-A83A-C5642A9EC006}.Release|ARM.Deploy.0 = Release|Any CPU
		{025B884A-9548-4570-A83A-C5642A9EC006}.Release|iPhone.ActiveCfg = Release|Any CPU
		{025B884A-9548-4570-A83A-C5642A9EC006}.Release|iPhone.Build.0 = Release|Any CPU
		{025B884A-9548-4570-A83A-C5642A9EC006}.Release|iPhone.Deploy.0 = Release|Any CPU
		{025B884A-9548-4570-A83A-C5642A9EC006}.Release|iPhoneSimulator.ActiveCfg = Release|Any CPU
		{025B884A-9548-4570-A83A-C5642A9EC006}.Release|iPhoneSimulator.Build.0 = Release|Any CPU
		{025B884A-9548-4570-A83A-C5642A9EC006}.Release|iPhoneSimulator.Deploy.0 = Release|Any CPU
		{025B884A-9548-4570-A83A-C5642A9EC006}.Release|x64.ActiveCfg = Release|Any CPU
		{025B884A-9548-4570-A83A-C5642A9EC006}.Release|x64.Build.0 = Release|Any CPU
		{025B884A-9548-4570-A83A-C5642A9EC006}.Release|x64.Deploy.0 = Release|Any CPU
		{025B884A-9548-4570-A83A-C5642A9EC006}.Release|x86.ActiveCfg = Release|Any CPU
		{025B884A-9548-4570-A83A-C5642A9EC006}.Release|x86.Build.0 = Release|Any CPU
		{025B884A-9548-4570-A83A-C5642A9EC006}.Release|x86.Deploy.0 = Release|Any CPU
	EndGlobalSection
	GlobalSection(SolutionProperties) = preSolution
		HideSolutionNode = FALSE
	EndGlobalSection
	GlobalSection(ExtensibilityGlobals) = postSolution
		SolutionGuid = {027E69A4-EE65-413D-89D3-0287FCD7189C}
	EndGlobalSection
EndGlobal
